{
  "version": 4,
  "terraform_version": "0.12.25",
  "serial": 6,
  "lineage": "83d4c4c8-2181-13ab-3847-3f3a7a3b3cfe",
  "outputs": {
    "client_id": {
      "value": "718d5028-d1d0-4c0b-a742-ad3205097b3c",
      "type": "string"
    },
    "client_secret": {
      "value": "lH)nSfXR+n#Jvt\u003ev%Z5iZb#zCuH{[X%K",
      "type": "string",
      "sensitive": true
    },
    "display_name": {
      "value": "training-ad-ac83g",
      "type": "string"
    },
    "object_id": {
      "value": "020aa73c-0750-4b17-babd-9c69cdef24e3",
      "type": "string"
    }
  },
  "resources": [
    {
      "mode": "data",
      "type": "azurerm_subscription",
      "name": "main",
      "provider": "provider.azurerm",
      "instances": [
        {
          "schema_version": 0,
          "attributes": {
            "display_name": "Pay-as-you-go",
            "id": "/subscriptions/53e27966-3c0c-4161-9b47-3df43eabc630",
            "location_placement_id": "Public_2014-09-01",
            "quota_id": "PayAsYouGo_2014-09-01",
            "spending_limit": "Off",
            "state": "Enabled",
            "subscription_id": "53e27966-3c0c-4161-9b47-3df43eabc630",
            "tenant_id": "23dcd3d3-af75-446d-bbd0-26e187f460b1"
          }
        }
      ]
    },
    {
      "mode": "managed",
      "type": "azuread_application",
      "name": "training-app",
      "provider": "provider.azuread",
      "instances": [
        {
          "schema_version": 0,
          "attributes": {
            "app_role": [],
            "application_id": "718d5028-d1d0-4c0b-a742-ad3205097b3c",
            "available_to_other_tenants": false,
            "group_membership_claims": "",
            "homepage": "https://training-ad-ac83g",
            "id": "aafd18b8-d1f2-40c5-bf47-f8b9139f7d27",
            "identifier_uris": [],
            "name": "training-ad-ac83g",
            "oauth2_allow_implicit_flow": false,
            "oauth2_permissions": [
              {
                "admin_consent_description": "Allow the application to access training-ad-ac83g on behalf of the signed-in user.",
                "admin_consent_display_name": "Access training-ad-ac83g",
                "id": "329d3b41-25ec-4b38-a5ac-79f53ec5a59c",
                "is_enabled": true,
                "type": "User",
                "user_consent_description": "Allow the application to access training-ad-ac83g on your behalf.",
                "user_consent_display_name": "Access training-ad-ac83g",
                "value": "user_impersonation"
              }
            ],
            "object_id": "aafd18b8-d1f2-40c5-bf47-f8b9139f7d27",
            "owners": [],
            "public_client": false,
            "reply_urls": [],
            "required_resource_access": [],
            "type": "webapp/api"
          },
          "private": "bnVsbA==",
          "dependencies": [
            "random_string.random-name"
          ]
        }
      ]
    },
    {
      "mode": "managed",
      "type": "azuread_service_principal",
      "name": "training-sp",
      "provider": "provider.azuread",
      "instances": [
        {
          "schema_version": 0,
          "attributes": {
            "app_role_assignment_required": false,
            "application_id": "718d5028-d1d0-4c0b-a742-ad3205097b3c",
            "display_name": "training-ad-ac83g",
            "id": "020aa73c-0750-4b17-babd-9c69cdef24e3",
            "oauth2_permissions": [
              {
                "admin_consent_description": "Allow the application to access training-ad-ac83g on behalf of the signed-in user.",
                "admin_consent_display_name": "Access training-ad-ac83g",
                "id": "329d3b41-25ec-4b38-a5ac-79f53ec5a59c",
                "is_enabled": true,
                "type": "User",
                "user_consent_description": "Allow the application to access training-ad-ac83g on your behalf.",
                "user_consent_display_name": "Access training-ad-ac83g",
                "value": "user_impersonation"
              }
            ],
            "object_id": "020aa73c-0750-4b17-babd-9c69cdef24e3",
            "tags": null
          },
          "private": "bnVsbA==",
          "dependencies": [
            "azuread_application.training-app",
            "random_string.random-name"
          ]
        }
      ]
    },
    {
      "mode": "managed",
      "type": "azuread_service_principal_password",
      "name": "sp-password",
      "provider": "provider.azuread",
      "instances": [
        {
          "schema_version": 0,
          "attributes": {
            "end_date": "2022-05-26T16:19:23Z",
            "end_date_relative": "17520h",
            "id": "020aa73c-0750-4b17-babd-9c69cdef24e3/8cd3372e-1ef8-73d4-d464-2bf3f94ed8a7",
            "key_id": "8cd3372e-1ef8-73d4-d464-2bf3f94ed8a7",
            "service_principal_id": "020aa73c-0750-4b17-babd-9c69cdef24e3",
            "start_date": "2020-05-26T16:19:23Z",
            "value": "lH)nSfXR+n#Jvt\u003ev%Z5iZb#zCuH{[X%K"
          },
          "private": "bnVsbA==",
          "dependencies": [
            "azuread_application.training-app",
            "azuread_service_principal.training-sp",
            "random_password.password",
            "random_string.random-name"
          ]
        }
      ]
    },
    {
      "mode": "managed",
      "type": "azurerm_role_assignment",
      "name": "contributor",
      "provider": "provider.azurerm",
      "instances": [
        {
          "schema_version": 0,
          "attributes": {
            "id": "/subscriptions/53e27966-3c0c-4161-9b47-3df43eabc630/providers/Microsoft.Authorization/roleAssignments/08447934-99e6-9bfa-6132-72d96ac8bd4d",
            "name": "08447934-99e6-9bfa-6132-72d96ac8bd4d",
            "principal_id": "020aa73c-0750-4b17-babd-9c69cdef24e3",
            "principal_type": "ServicePrincipal",
            "role_definition_id": "/subscriptions/53e27966-3c0c-4161-9b47-3df43eabc630/providers/Microsoft.Authorization/roleDefinitions/b24988ac-6180-42a0-ab88-20f7382dd24c",
            "role_definition_name": "Contributor",
            "scope": "/subscriptions/53e27966-3c0c-4161-9b47-3df43eabc630",
            "skip_service_principal_aad_check": null
          },
          "private": "bnVsbA==",
          "dependencies": [
            "azuread_application.training-app",
            "azuread_service_principal.training-sp",
            "random_string.random-name"
          ]
        }
      ]
    },
    {
      "mode": "managed",
      "type": "random_password",
      "name": "password",
      "provider": "provider.random",
      "instances": [
        {
          "schema_version": 0,
          "attributes": {
            "id": "none",
            "keepers": null,
            "length": 32,
            "lower": true,
            "min_lower": 0,
            "min_numeric": 0,
            "min_special": 0,
            "min_upper": 0,
            "number": true,
            "override_special": null,
            "result": "lH)nSfXR+n#Jvt\u003ev%Z5iZb#zCuH{[X%K",
            "special": true,
            "upper": true
          },
          "private": "bnVsbA=="
        }
      ]
    },
    {
      "mode": "managed",
      "type": "random_string",
      "name": "random-name",
      "provider": "provider.random",
      "instances": [
        {
          "schema_version": 1,
          "attributes": {
            "id": "ac83g",
            "keepers": null,
            "length": 5,
            "lower": true,
            "min_lower": 0,
            "min_numeric": 0,
            "min_special": 0,
            "min_upper": 0,
            "number": true,
            "override_special": null,
            "result": "ac83g",
            "special": false,
            "upper": false
          },
          "private": "eyJzY2hlbWFfdmVyc2lvbiI6IjEifQ=="
        }
      ]
    }
  ]
}
